{
    "name": "com.njoy.regis",
    "version": "1.0.0",
    "lockfileVersion": 1,
    "requires": true,
    "dependencies": {
        "CSSselect": {
            "version": "0.4.1",
            "resolved": "https://registry.npmjs.org/CSSselect/-/CSSselect-0.4.1.tgz",
            "integrity": "sha1-+Kt+H4QYzmPNput713ioXX7EkrI=",
            "requires": {
                "CSSwhat": "0.4.7",
                "domutils": "1.4.3"
            }
        },
        "CSSwhat": {
            "version": "0.4.7",
            "resolved": "https://registry.npmjs.org/CSSwhat/-/CSSwhat-0.4.7.tgz",
            "integrity": "sha1-hn2g/zn3eGEyQsRM/qg/CqTr35s="
        },
        "ansi-regex": {
            "version": "1.1.1",
            "resolved": "https://registry.npmjs.org/ansi-regex/-/ansi-regex-1.1.1.tgz",
            "integrity": "sha1-QchHGUZGN15qGl0Qw8oFTvn8mA0="
        },
        "ansi-styles": {
            "version": "1.1.0",
            "resolved": "https://registry.npmjs.org/ansi-styles/-/ansi-styles-1.1.0.tgz",
            "integrity": "sha1-6uy/Zs1waIJ2Cy9GkVgrj1XXp94="
        },
        "backbone": {
            "version": "1.3.3",
            "resolved": "https://registry.npmjs.org/backbone/-/backbone-1.3.3.tgz",
            "integrity": "sha1-TMgOp8sWMaxHSInOQPL4vGg7KZk=",
            "requires": {
                "underscore": "1.8.3"
            }
        },
        "chalk": {
            "version": "0.5.1",
            "resolved": "https://registry.npmjs.org/chalk/-/chalk-0.5.1.tgz",
            "integrity": "sha1-Zjs6ZItotV0EaQ1JFnqoN4WPIXQ=",
            "requires": {
                "ansi-styles": "1.1.0",
                "escape-string-regexp": "1.0.5",
                "has-ansi": "0.1.0",
                "strip-ansi": "0.3.0",
                "supports-color": "0.2.0"
            }
        },
        "cheerio": {
            "version": "0.18.0",
            "resolved": "https://registry.npmjs.org/cheerio/-/cheerio-0.18.0.tgz",
            "integrity": "sha1-ThwGN35yW3QOmW4N/sNThj3md/o=",
            "requires": {
                "CSSselect": "0.4.1",
                "dom-serializer": "0.0.1",
                "entities": "1.1.1",
                "htmlparser2": "3.8.3",
                "lodash": "2.4.2"
            }
        },
        "cli-color": {
            "version": "0.3.3",
            "resolved": "https://registry.npmjs.org/cli-color/-/cli-color-0.3.3.tgz",
            "integrity": "sha1-EtW90Vj/igsNtAEZiRPAPfBp9vU=",
            "requires": {
                "d": "0.1.1",
                "es5-ext": "0.10.37",
                "memoizee": "0.3.10",
                "timers-ext": "0.1.2"
            }
        },
        "cordova-ios": {
            "version": "4.4.0",
            "resolved": "https://registry.npmjs.org/cordova-ios/-/cordova-ios-4.4.0.tgz",
            "integrity": "sha1-XNbvciRQXbVYRG5GN62X0IeMdO8=",
            "requires": {
                "cordova-common": "2.0.2",
                "ios-sim": "5.0.12",
                "nopt": "3.0.6",
                "plist": "1.2.0",
                "q": "1.4.1",
                "shelljs": "0.5.3",
                "xcode": "0.9.3",
                "xml-escape": "1.1.0"
            },
            "dependencies": {
                "abbrev": {
                    "version": "1.0.9",
                    "bundled": true
                },
                "ansi": {
                    "version": "0.3.1",
                    "bundled": true
                },
                "balanced-match": {
                    "version": "0.4.2",
                    "bundled": true
                },
                "base64-js": {
                    "version": "0.0.8",
                    "bundled": true
                },
                "big-integer": {
                    "version": "1.6.17",
                    "bundled": true
                },
                "bplist-creator": {
                    "version": "0.0.4",
                    "bundled": true,
                    "requires": {
                        "stream-buffers": "0.2.6"
                    }
                },
                "bplist-parser": {
                    "version": "0.1.1",
                    "bundled": true,
                    "requires": {
                        "big-integer": "1.6.17"
                    }
                },
                "brace-expansion": {
                    "version": "1.1.6",
                    "bundled": true,
                    "requires": {
                        "balanced-match": "0.4.2",
                        "concat-map": "0.0.1"
                    }
                },
                "concat-map": {
                    "version": "0.0.1",
                    "bundled": true
                },
                "cordova-common": {
                    "version": "2.0.2",
                    "bundled": true,
                    "requires": {
                        "ansi": "0.3.1",
                        "bplist-parser": "0.1.1",
                        "cordova-registry-mapper": "1.1.15",
                        "elementtree": "0.1.6",
                        "glob": "5.0.15",
                        "minimatch": "3.0.3",
                        "osenv": "0.1.3",
                        "plist": "1.2.0",
                        "q": "1.4.1",
                        "semver": "5.3.0",
                        "shelljs": "0.5.3",
                        "underscore": "1.8.3",
                        "unorm": "1.4.1"
                    }
                },
                "cordova-registry-mapper": {
                    "version": "1.1.15",
                    "bundled": true
                },
                "elementtree": {
                    "version": "0.1.6",
                    "bundled": true,
                    "requires": {
                        "sax": "0.3.5"
                    }
                },
                "glob": {
                    "version": "5.0.15",
                    "bundled": true,
                    "requires": {
                        "inflight": "1.0.6",
                        "inherits": "2.0.3",
                        "minimatch": "3.0.3",
                        "once": "1.4.0",
                        "path-is-absolute": "1.0.1"
                    }
                },
                "inflight": {
                    "version": "1.0.6",
                    "bundled": true,
                    "requires": {
                        "once": "1.4.0",
                        "wrappy": "1.0.2"
                    }
                },
                "inherits": {
                    "version": "2.0.3",
                    "bundled": true
                },
                "ios-sim": {
                    "version": "5.0.12",
                    "bundled": true,
                    "requires": {
                        "bplist-parser": "0.0.6",
                        "nopt": "1.0.9",
                        "plist": "1.2.0",
                        "simctl": "0.1.0"
                    },
                    "dependencies": {
                        "bplist-parser": {
                            "version": "0.0.6",
                            "bundled": true
                        },
                        "nopt": {
                            "version": "1.0.9",
                            "bundled": true,
                            "requires": {
                                "abbrev": "1.0.9"
                            }
                        }
                    }
                },
                "lodash": {
                    "version": "3.10.1",
                    "bundled": true
                },
                "minimatch": {
                    "version": "3.0.3",
                    "bundled": true,
                    "requires": {
                        "brace-expansion": "1.1.6"
                    }
                },
                "node-uuid": {
                    "version": "1.4.7",
                    "bundled": true
                },
                "nopt": {
                    "version": "3.0.6",
                    "bundled": true,
                    "requires": {
                        "abbrev": "1.0.9"
                    }
                },
                "once": {
                    "version": "1.4.0",
                    "bundled": true,
                    "requires": {
                        "wrappy": "1.0.2"
                    }
                },
                "os-homedir": {
                    "version": "1.0.2",
                    "bundled": true
                },
                "os-tmpdir": {
                    "version": "1.0.2",
                    "bundled": true
                },
                "osenv": {
                    "version": "0.1.3",
                    "bundled": true,
                    "requires": {
                        "os-homedir": "1.0.2",
                        "os-tmpdir": "1.0.2"
                    }
                },
                "path-is-absolute": {
                    "version": "1.0.1",
                    "bundled": true
                },
                "pegjs": {
                    "version": "0.9.0",
                    "bundled": true
                },
                "plist": {
                    "version": "1.2.0",
                    "bundled": true,
                    "requires": {
                        "base64-js": "0.0.8",
                        "util-deprecate": "1.0.2",
                        "xmlbuilder": "4.0.0",
                        "xmldom": "0.1.27"
                    }
                },
                "q": {
                    "version": "1.4.1",
                    "bundled": true
                },
                "sax": {
                    "version": "0.3.5",
                    "bundled": true
                },
                "semver": {
                    "version": "5.3.0",
                    "bundled": true
                },
                "shelljs": {
                    "version": "0.5.3",
                    "bundled": true
                },
                "simctl": {
                    "version": "0.1.0",
                    "bundled": true,
                    "requires": {
                        "shelljs": "0.2.6",
                        "tail": "0.4.0"
                    },
                    "dependencies": {
                        "shelljs": {
                            "version": "0.2.6",
                            "bundled": true
                        }
                    }
                },
                "simple-plist": {
                    "version": "0.1.4",
                    "bundled": true,
                    "requires": {
                        "bplist-creator": "0.0.4",
                        "bplist-parser": "0.0.6",
                        "plist": "1.2.0"
                    },
                    "dependencies": {
                        "bplist-parser": {
                            "version": "0.0.6",
                            "bundled": true
                        }
                    }
                },
                "stream-buffers": {
                    "version": "0.2.6",
                    "bundled": true
                },
                "tail": {
                    "version": "0.4.0",
                    "bundled": true
                },
                "underscore": {
                    "version": "1.8.3",
                    "bundled": true
                },
                "unorm": {
                    "version": "1.4.1",
                    "bundled": true
                },
                "util-deprecate": {
                    "version": "1.0.2",
                    "bundled": true
                },
                "wrappy": {
                    "version": "1.0.2",
                    "bundled": true
                },
                "xcode": {
                    "version": "0.9.3",
                    "resolved": "https://registry.npmjs.org/xcode/-/xcode-0.9.3.tgz",
                    "integrity": "sha1-kQqJwWrubMC0LKgFptC0z4chHPM=",
                    "requires": {
                        "pegjs": "0.10.0",
                        "simple-plist": "0.2.1",
                        "uuid": "3.0.1"
                    },
                    "dependencies": {
                        "base64-js": {
                            "version": "1.1.2",
                            "resolved": "https://registry.npmjs.org/base64-js/-/base64-js-1.1.2.tgz",
                            "integrity": "sha1-1kAMrBxMZgl22Q0HoENR2JOV9eg="
                        },
                        "bplist-creator": {
                            "version": "0.0.7",
                            "resolved": "https://registry.npmjs.org/bplist-creator/-/bplist-creator-0.0.7.tgz",
                            "integrity": "sha1-N98VNgkoJLh8QvlXsBNEEXNyrkU=",
                            "requires": {
                                "stream-buffers": "2.2.0"
                            }
                        },
                        "pegjs": {
                            "version": "0.10.0",
                            "resolved": "https://registry.npmjs.org/pegjs/-/pegjs-0.10.0.tgz",
                            "integrity": "sha1-z4uvrm7d/0tafvsYUmnqr0YQ3b0="
                        },
                        "plist": {
                            "version": "2.0.1",
                            "resolved": "https://registry.npmjs.org/plist/-/plist-2.0.1.tgz",
                            "integrity": "sha1-CjLKlIGxw2TpLhjcVch23p0B2os=",
                            "requires": {
                                "base64-js": "1.1.2",
                                "xmlbuilder": "8.2.2",
                                "xmldom": "0.1.27"
                            }
                        },
                        "simple-plist": {
                            "version": "0.2.1",
                            "resolved": "https://registry.npmjs.org/simple-plist/-/simple-plist-0.2.1.tgz",
                            "integrity": "sha1-cXZts1IyaSjPOoByQrp2IyJjZyM=",
                            "requires": {
                                "bplist-creator": "0.0.7",
                                "bplist-parser": "0.1.1",
                                "plist": "2.0.1"
                            }
                        },
                        "stream-buffers": {
                            "version": "2.2.0",
                            "resolved": "https://registry.npmjs.org/stream-buffers/-/stream-buffers-2.2.0.tgz",
                            "integrity": "sha1-kdX1Ew0c75bc+n9yaUUYh0HQnuQ="
                        },
                        "uuid": {
                            "version": "3.0.1",
                            "resolved": "https://registry.npmjs.org/uuid/-/uuid-3.0.1.tgz",
                            "integrity": "sha1-ZUS7ot/ajBzxfmKaOjBeK7H+5sE="
                        },
                        "xmlbuilder": {
                            "version": "8.2.2",
                            "resolved": "https://registry.npmjs.org/xmlbuilder/-/xmlbuilder-8.2.2.tgz",
                            "integrity": "sha1-aSSGc0ELS6QuGmE2VR0pIjNap3M="
                        }
                    }
                },
                "xml-escape": {
                    "version": "1.1.0",
                    "bundled": true
                },
                "xmlbuilder": {
                    "version": "4.0.0",
                    "bundled": true,
                    "requires": {
                        "lodash": "3.10.1"
                    }
                },
                "xmldom": {
                    "version": "0.1.27",
                    "bundled": true
                }
            }
        },
        "cordova-jquery": {
            "version": "0.1.6",
            "resolved": "https://registry.npmjs.org/cordova-jquery/-/cordova-jquery-0.1.6.tgz",
            "integrity": "sha1-Uj5iLgAPxUOS3hryH7JWEI+9unY=",
            "requires": {
                "cheerio": "0.18.0",
                "inquirer": "0.8.0",
                "path": "0.4.9",
                "properties-reader": "0.0.10"
            }
        },
        "cordova-plugin-whitelist": {
            "version": "1.3.2",
            "resolved": "https://registry.npmjs.org/cordova-plugin-whitelist/-/cordova-plugin-whitelist-1.3.2.tgz",
            "integrity": "sha1-W2M1/rn1MB88ATuQlsuIhb29UHY="
        },
        "core-util-is": {
            "version": "1.0.2",
            "resolved": "https://registry.npmjs.org/core-util-is/-/core-util-is-1.0.2.tgz",
            "integrity": "sha1-tf1UIgqivFq1eqtxQMlAdUUDwac="
        },
        "createjs": {
            "version": "1.0.1",
            "resolved": "https://registry.npmjs.org/createjs/-/createjs-1.0.1.tgz",
            "integrity": "sha512-VutFczgM8GNzOSiFKlYEwFRgZRMQkZt34ooaewKi7lzxuQ7JSsUs/Y1qb95G4CKOnHA/C/yghCJ6wfivuKOawA=="
        },
        "d": {
            "version": "0.1.1",
            "resolved": "https://registry.npmjs.org/d/-/d-0.1.1.tgz",
            "integrity": "sha1-2hhMU10Y2O57oqoim5FACfrhEwk=",
            "requires": {
                "es5-ext": "0.10.37"
            }
        },
        "dom-serializer": {
            "version": "0.0.1",
            "resolved": "https://registry.npmjs.org/dom-serializer/-/dom-serializer-0.0.1.tgz",
            "integrity": "sha1-lYmCfx4y0iw3yCmtq9WbMkevjq8=",
            "requires": {
                "domelementtype": "1.1.3",
                "entities": "1.1.1"
            },
            "dependencies": {
                "domelementtype": {
                    "version": "1.1.3",
                    "resolved": "https://registry.npmjs.org/domelementtype/-/domelementtype-1.1.3.tgz",
                    "integrity": "sha1-vSh3PiZCiBrsUVRJJCmcXNgiGFs="
                }
            }
        },
        "domelementtype": {
            "version": "1.3.0",
            "resolved": "https://registry.npmjs.org/domelementtype/-/domelementtype-1.3.0.tgz",
            "integrity": "sha1-sXrtguirWeUt2cGbF1bg/BhyBMI="
        },
        "domhandler": {
            "version": "2.3.0",
            "resolved": "https://registry.npmjs.org/domhandler/-/domhandler-2.3.0.tgz",
            "integrity": "sha1-LeWaCCLVAn+r/28DLCsloqir5zg=",
            "requires": {
                "domelementtype": "1.3.0"
            }
        },
        "domutils": {
            "version": "1.4.3",
            "resolved": "https://registry.npmjs.org/domutils/-/domutils-1.4.3.tgz",
            "integrity": "sha1-CGVRN5bGswYDGFDhdVFrr4C3Km8=",
            "requires": {
                "domelementtype": "1.3.0"
            }
        },
        "entities": {
            "version": "1.1.1",
            "resolved": "https://registry.npmjs.org/entities/-/entities-1.1.1.tgz",
            "integrity": "sha1-blwtClYhtdra7O+AuQ7ftc13cvA="
        },
        "es5-ext": {
            "version": "0.10.37",
            "resolved": "https://registry.npmjs.org/es5-ext/-/es5-ext-0.10.37.tgz",
            "integrity": "sha1-DudB0Ui4AGm6J9AgOTdWryV978M=",
            "requires": {
                "es6-iterator": "2.0.3",
                "es6-symbol": "3.1.1"
            }
        },
        "es6-iterator": {
            "version": "2.0.3",
            "resolved": "https://registry.npmjs.org/es6-iterator/-/es6-iterator-2.0.3.tgz",
            "integrity": "sha1-p96IkUGgWpSwhUQDstCg+/qY87c=",
            "requires": {
                "d": "1.0.0",
                "es5-ext": "0.10.37",
                "es6-symbol": "3.1.1"
            },
            "dependencies": {
                "d": {
                    "version": "1.0.0",
                    "resolved": "https://registry.npmjs.org/d/-/d-1.0.0.tgz",
                    "integrity": "sha1-dUu1v+VUUdpppYuU1F9MWwRi1Y8=",
                    "requires": {
                        "es5-ext": "0.10.37"
                    }
                }
            }
        },
        "es6-symbol": {
            "version": "3.1.1",
            "resolved": "https://registry.npmjs.org/es6-symbol/-/es6-symbol-3.1.1.tgz",
            "integrity": "sha1-vwDvT9q2uhtG7Le2KbTH7VcVzHc=",
            "requires": {
                "d": "1.0.0",
                "es5-ext": "0.10.37"
            },
            "dependencies": {
                "d": {
                    "version": "1.0.0",
                    "resolved": "https://registry.npmjs.org/d/-/d-1.0.0.tgz",
                    "integrity": "sha1-dUu1v+VUUdpppYuU1F9MWwRi1Y8=",
                    "requires": {
                        "es5-ext": "0.10.37"
                    }
                }
            }
        },
        "es6-weak-map": {
            "version": "0.1.4",
            "resolved": "https://registry.npmjs.org/es6-weak-map/-/es6-weak-map-0.1.4.tgz",
            "integrity": "sha1-cGzvnpmqI2undmwjnIueKG6n0ig=",
            "requires": {
                "d": "0.1.1",
                "es5-ext": "0.10.37",
                "es6-iterator": "0.1.3",
                "es6-symbol": "2.0.1"
            },
            "dependencies": {
                "es6-iterator": {
                    "version": "0.1.3",
                    "resolved": "https://registry.npmjs.org/es6-iterator/-/es6-iterator-0.1.3.tgz",
                    "integrity": "sha1-1vWLjE/EE8JJtLqhl2j45NfIlE4=",
                    "requires": {
                        "d": "0.1.1",
                        "es5-ext": "0.10.37",
                        "es6-symbol": "2.0.1"
                    }
                },
                "es6-symbol": {
                    "version": "2.0.1",
                    "resolved": "https://registry.npmjs.org/es6-symbol/-/es6-symbol-2.0.1.tgz",
                    "integrity": "sha1-dhtcZ8/U8dGK+yNPaR1nhoLLO/M=",
                    "requires": {
                        "d": "0.1.1",
                        "es5-ext": "0.10.37"
                    }
                }
            }
        },
        "escape-string-regexp": {
            "version": "1.0.5",
            "resolved": "https://registry.npmjs.org/escape-string-regexp/-/escape-string-regexp-1.0.5.tgz",
            "integrity": "sha1-G2HAViGQqN/2rjuyzwIAyhMLhtQ="
        },
        "event-emitter": {
            "version": "0.3.5",
            "resolved": "https://registry.npmjs.org/event-emitter/-/event-emitter-0.3.5.tgz",
            "integrity": "sha1-34xp7vFkeSPHFXuc6DhAYQsCzDk=",
            "requires": {
                "d": "1.0.0",
                "es5-ext": "0.10.37"
            },
            "dependencies": {
                "d": {
                    "version": "1.0.0",
                    "resolved": "https://registry.npmjs.org/d/-/d-1.0.0.tgz",
                    "integrity": "sha1-dUu1v+VUUdpppYuU1F9MWwRi1Y8=",
                    "requires": {
                        "es5-ext": "0.10.37"
                    }
                }
            }
        },
        "figures": {
            "version": "1.7.0",
            "resolved": "https://registry.npmjs.org/figures/-/figures-1.7.0.tgz",
            "integrity": "sha1-y+Hjr/zxzUS4DK3+0o3Hk6lwHS4=",
            "requires": {
                "escape-string-regexp": "1.0.5",
                "object-assign": "4.1.1"
            }
        },
        "gsap": {
            "version": "3.6.0",
            "resolved": "https://registry.npmjs.org/gsap/-/gsap-3.6.0.tgz",
            "integrity": "sha512-0P3syv1TmYr+A/VZ8UMFzw+s0XoaKSzzDFs8NqkXiJTXI4E/VTi0zRjPgxaPBpiUPPycgRnFjLDe0Tb4dRRf+w=="
        },
        "has-ansi": {
            "version": "0.1.0",
            "resolved": "https://registry.npmjs.org/has-ansi/-/has-ansi-0.1.0.tgz",
            "integrity": "sha1-hPJlqujA5qiKEtcCKJS3VoiUxi4=",
            "requires": {
                "ansi-regex": "0.2.1"
            },
            "dependencies": {
                "ansi-regex": {
                    "version": "0.2.1",
                    "resolved": "https://registry.npmjs.org/ansi-regex/-/ansi-regex-0.2.1.tgz",
                    "integrity": "sha1-DY6UaWej2BQ/k+JOKYUl/BsiNfk="
                }
            }
        },
        "htmlparser2": {
            "version": "3.8.3",
            "resolved": "https://registry.npmjs.org/htmlparser2/-/htmlparser2-3.8.3.tgz",
            "integrity": "sha1-mWwosZFRaovoZQGn15dX5ccMEGg=",
            "requires": {
                "domelementtype": "1.3.0",
                "domhandler": "2.3.0",
                "domutils": "1.5.1",
                "entities": "1.0.0",
                "readable-stream": "1.1.14"
            },
            "dependencies": {
                "domutils": {
                    "version": "1.5.1",
                    "resolved": "https://registry.npmjs.org/domutils/-/domutils-1.5.1.tgz",
                    "integrity": "sha1-3NhIiib1Y9YQeeSMn3t+Mjc2gs8=",
                    "requires": {
                        "dom-serializer": "0.0.1",
                        "domelementtype": "1.3.0"
                    }
                },
                "entities": {
                    "version": "1.0.0",
                    "resolved": "https://registry.npmjs.org/entities/-/entities-1.0.0.tgz",
                    "integrity": "sha1-sph6o4ITR/zeZCsk/fyeT7cSvyY="
                }
            }
        },
        "inherits": {
            "version": "2.0.3",
            "resolved": "https://registry.npmjs.org/inherits/-/inherits-2.0.3.tgz",
            "integrity": "sha1-Yzwsg+PaQqUC9SRmAiSA9CCCYd4="
        },
        "inquirer": {
            "version": "0.8.0",
            "resolved": "https://registry.npmjs.org/inquirer/-/inquirer-0.8.0.tgz",
            "integrity": "sha1-Ul1N2CfU89UGtFNyYGj5DeuZtEM=",
            "requires": {
                "ansi-regex": "1.1.1",
                "chalk": "0.5.1",
                "cli-color": "0.3.3",
                "figures": "1.7.0",
                "lodash": "2.4.2",
                "mute-stream": "0.0.4",
                "readline2": "0.1.1",
                "rx": "2.5.3",
                "through": "2.3.8"
            }
        },
        "isarray": {
            "version": "0.0.1",
            "resolved": "https://registry.npmjs.org/isarray/-/isarray-0.0.1.tgz",
            "integrity": "sha1-ihis/Kmo9Bd+Cav8YDiTmwXR7t8="
        },
        "iscroll": {
            "version": "5.2.0",
            "resolved": "https://registry.npmjs.org/iscroll/-/iscroll-5.2.0.tgz",
            "integrity": "sha1-1RMwcIi1slpPiTr0dIBEaEgYKcg="
        },
        "jquery": {
            "version": "3.2.1",
            "resolved": "https://registry.npmjs.org/jquery/-/jquery-3.2.1.tgz",
            "integrity": "sha1-XE2d5lKvbNCncBVKYxu6ErAVx4c="
        },
        "jquery-lazyload": {
            "version": "1.9.7",
            "resolved": "https://registry.npmjs.org/jquery-lazyload/-/jquery-lazyload-1.9.7.tgz",
            "integrity": "sha1-mYKziMUzwLYRIUs8WqoLn+3gcfc="
        },
        "jquery-mobile": {
            "version": "1.5.0-alpha.1",
            "resolved": "https://registry.npmjs.org/jquery-mobile/-/jquery-mobile-1.5.0-alpha.1.tgz",
            "integrity": "sha1-KoQQ1X873re5ad4vTancOQb5kZ4=",
            "requires": {
                "jquery": "3.2.1"
            }
        },
        "lazyload": {
            "version": "2.0.0-beta.2",
            "resolved": "https://registry.npmjs.org/lazyload/-/lazyload-2.0.0-beta.2.tgz",
            "integrity": "sha512-UT1/OlsKe/raZGZgZ71DtnBOj3g6x5AZDc/V9INHpJBgRGh8jv61Jm8ZVHF1UmfFcEOIQHlYH/fO5gmZPvVtOA=="
        },
        "lodash": {
            "version": "2.4.2",
            "resolved": "https://registry.npmjs.org/lodash/-/lodash-2.4.2.tgz",
            "integrity": "sha1-+t2DS5aDBz2hebPq5tnA0VBT9z4="
        },
        "lru-queue": {
            "version": "0.1.0",
            "resolved": "https://registry.npmjs.org/lru-queue/-/lru-queue-0.1.0.tgz",
            "integrity": "sha1-Jzi9nw089PhEkMVzbEhpmsYyzaM=",
            "requires": {
                "es5-ext": "0.10.37"
            }
        },
        "memoizee": {
            "version": "0.3.10",
            "resolved": "https://registry.npmjs.org/memoizee/-/memoizee-0.3.10.tgz",
            "integrity": "sha1-TsoNiu057J0Bf0xcLy9kMvQuXI8=",
            "requires": {
                "d": "0.1.1",
                "es5-ext": "0.10.37",
                "es6-weak-map": "0.1.4",
                "event-emitter": "0.3.5",
                "lru-queue": "0.1.0",
                "next-tick": "0.2.2",
                "timers-ext": "0.1.2"
            }
        },
        "mkdirp": {
            "version": "0.3.5",
            "resolved": "https://registry.npmjs.org/mkdirp/-/mkdirp-0.3.5.tgz",
            "integrity": "sha1-3j5fiWHIjHh+4TaN+EmsRBPsqNc="
        },
        "mute-stream": {
            "version": "0.0.4",
            "resolved": "https://registry.npmjs.org/mute-stream/-/mute-stream-0.0.4.tgz",
            "integrity": "sha1-qSGZYKbV1dBGWXruUSUsZlX3F34="
        },
        "next-tick": {
            "version": "0.2.2",
            "resolved": "https://registry.npmjs.org/next-tick/-/next-tick-0.2.2.tgz",
            "integrity": "sha1-ddpKkn7liH45BliABltzNkE7MQ0="
        },
        "object-assign": {
            "version": "4.1.1",
            "resolved": "https://registry.npmjs.org/object-assign/-/object-assign-4.1.1.tgz",
            "integrity": "sha1-IQmtx5ZYh8/AXLvUQsrIv7s2CGM="
        },
        "path": {
            "version": "0.4.9",
            "resolved": "https://registry.npmjs.org/path/-/path-0.4.9.tgz",
            "integrity": "sha1-OAxo0BJz5D+TaNetUP7l4+jUd/A="
        },
        "properties-reader": {
            "version": "0.0.10",
            "resolved": "https://registry.npmjs.org/properties-reader/-/properties-reader-0.0.10.tgz",
            "integrity": "sha1-rbOnZa1/guRR/PpSXiz5s9oEPRA=",
            "requires": {
                "mkdirp": "0.3.5"
            }
        },
        "readable-stream": {
            "version": "1.1.14",
            "resolved": "https://registry.npmjs.org/readable-stream/-/readable-stream-1.1.14.tgz",
            "integrity": "sha1-fPTFTvZI44EwhMY23SB54WbAgdk=",
            "requires": {
                "core-util-is": "1.0.2",
                "inherits": "2.0.3",
                "isarray": "0.0.1",
                "string_decoder": "0.10.31"
            }
        },
        "readline2": {
            "version": "0.1.1",
            "resolved": "https://registry.npmjs.org/readline2/-/readline2-0.1.1.tgz",
            "integrity": "sha1-mUQ7pug7gw7zBRv9fcJBqCco1Wg=",
            "requires": {
                "mute-stream": "0.0.4",
                "strip-ansi": "2.0.1"
            },
            "dependencies": {
                "strip-ansi": {
                    "version": "2.0.1",
                    "resolved": "https://registry.npmjs.org/strip-ansi/-/strip-ansi-2.0.1.tgz",
                    "integrity": "sha1-32LBqpTtLxFOHQ8h/R1QSCt5pg4=",
                    "requires": {
                        "ansi-regex": "1.1.1"
                    }
                }
            }
        },
        "rx": {
            "version": "2.5.3",
            "resolved": "https://registry.npmjs.org/rx/-/rx-2.5.3.tgz",
            "integrity": "sha1-Ia3H2A8CACr1Da6X/Z2/JIdV9WY="
        },
        "string_decoder": {
            "version": "0.10.31",
            "resolved": "https://registry.npmjs.org/string_decoder/-/string_decoder-0.10.31.tgz",
            "integrity": "sha1-YuIDvEF2bGwoyfyEMB2rHFMQ+pQ="
        },
        "strip-ansi": {
            "version": "0.3.0",
            "resolved": "https://registry.npmjs.org/strip-ansi/-/strip-ansi-0.3.0.tgz",
            "integrity": "sha1-JfSOoiynkYfzF0pNuHWTR7sSYiA=",
            "requires": {
                "ansi-regex": "0.2.1"
            },
            "dependencies": {
                "ansi-regex": {
                    "version": "0.2.1",
                    "resolved": "https://registry.npmjs.org/ansi-regex/-/ansi-regex-0.2.1.tgz",
                    "integrity": "sha1-DY6UaWej2BQ/k+JOKYUl/BsiNfk="
                }
            }
        },
        "supports-color": {
            "version": "0.2.0",
            "resolved": "https://registry.npmjs.org/supports-color/-/supports-color-0.2.0.tgz",
            "integrity": "sha1-2S3iaU6z9nMjlz1649i1W0wiGQo="
        },
        "through": {
            "version": "2.3.8",
            "resolved": "https://registry.npmjs.org/through/-/through-2.3.8.tgz",
            "integrity": "sha1-DdTJ/6q8NXlgsbckEV1+Doai4fU="
        },
        "timers-ext": {
            "version": "0.1.2",
            "resolved": "https://registry.npmjs.org/timers-ext/-/timers-ext-0.1.2.tgz",
            "integrity": "sha1-YcxHp2wavTGV8UUn+XjViulMUgQ=",
            "requires": {
                "es5-ext": "0.10.37",
                "next-tick": "1.0.0"
            },
            "dependencies": {
                "next-tick": {
                    "version": "1.0.0",
                    "resolved": "https://registry.npmjs.org/next-tick/-/next-tick-1.0.0.tgz",
                    "integrity": "sha1-yobR/ogoFpsBICCOPchCS524NCw="
                }
            }
        },
        "underscore": {
            "version": "1.8.3",
            "resolved": "https://registry.npmjs.org/underscore/-/underscore-1.8.3.tgz",
            "integrity": "sha1-Tz+1OxBuYJf8+ctBCfKl6b36UCI="
        }
    }
}
